// !$*UTF8*$!
{
	archiveVersion = 1;
	classes = {
	};
	objectVersion = 50;
	objects = {

/* Begin PBXBuildFile section */
		63F7BB09210C48E900D49CE0 /* AppDelegate.swift in Sources */ = {isa = PBXBuildFile; fileRef = 63F7BB08210C48E900D49CE0 /* AppDelegate.swift */; };
		63F7BB0B210C48E900D49CE0 /* ViewController.swift in Sources */ = {isa = PBXBuildFile; fileRef = 63F7BB0A210C48E900D49CE0 /* ViewController.swift */; };
		63F7BB0E210C48E900D49CE0 /* Main.storyboard in Resources */ = {isa = PBXBuildFile; fileRef = 63F7BB0C210C48E900D49CE0 /* Main.storyboard */; };
		63F7BB11210C48E900D49CE0 /* pills.xcdatamodeld in Sources */ = {isa = PBXBuildFile; fileRef = 63F7BB0F210C48E900D49CE0 /* pills.xcdatamodeld */; };
		63F7BB13210C48EA00D49CE0 /* Assets.xcassets in Resources */ = {isa = PBXBuildFile; fileRef = 63F7BB12210C48EA00D49CE0 /* Assets.xcassets */; };
		63F7BB16210C48EA00D49CE0 /* LaunchScreen.storyboard in Resources */ = {isa = PBXBuildFile; fileRef = 63F7BB14210C48EA00D49CE0 /* LaunchScreen.storyboard */; };
		63F7BB21210C48EA00D49CE0 /* pillsTests.swift in Sources */ = {isa = PBXBuildFile; fileRef = 63F7BB20210C48EA00D49CE0 /* pillsTests.swift */; };
		63F7BB2C210C48EA00D49CE0 /* pillsUITests.swift in Sources */ = {isa = PBXBuildFile; fileRef = 63F7BB2B210C48EA00D49CE0 /* pillsUITests.swift */; };
		63F7BB3A210D827A00D49CE0 /* MedicationForm.swift in Sources */ = {isa = PBXBuildFile; fileRef = 63F7BB39210D827A00D49CE0 /* MedicationForm.swift */; };
/* End PBXBuildFile section */

/* Begin PBXContainerItemProxy section */
		63F7BB1D210C48EA00D49CE0 /* PBXContainerItemProxy */ = {
			isa = PBXContainerItemProxy;
			containerPortal = 63F7BAFD210C48E900D49CE0 /* Project object */;
			proxyType = 1;
			remoteGlobalIDString = 63F7BB04210C48E900D49CE0;
			remoteInfo = pills;
		};
		63F7BB28210C48EA00D49CE0 /* PBXContainerItemProxy */ = {
			isa = PBXContainerItemProxy;
			containerPortal = 63F7BAFD210C48E900D49CE0 /* Project object */;
			proxyType = 1;
			remoteGlobalIDString = 63F7BB04210C48E900D49CE0;
			remoteInfo = pills;
		};
/* End PBXContainerItemProxy section */

/* Begin PBXFileReference section */
		63F7BB05210C48E900D49CE0 /* pills.app */ = {isa = PBXFileReference; explicitFileType = wrapper.application; includeInIndex = 0; path = pills.app; sourceTree = BUILT_PRODUCTS_DIR; };
		63F7BB08210C48E900D49CE0 /* AppDelegate.swift */ = {isa = PBXFileReference; lastKnownFileType = sourcecode.swift; path = AppDelegate.swift; sourceTree = "<group>"; };
		63F7BB0A210C48E900D49CE0 /* ViewController.swift */ = {isa = PBXFileReference; lastKnownFileType = sourcecode.swift; path = ViewController.swift; sourceTree = "<group>"; };
		63F7BB0D210C48E900D49CE0 /* Base */ = {isa = PBXFileReference; lastKnownFileType = file.storyboard; name = Base; path = Base.lproj/Main.storyboard; sourceTree = "<group>"; };
		63F7BB10210C48E900D49CE0 /* pills.xcdatamodel */ = {isa = PBXFileReference; lastKnownFileType = wrapper.xcdatamodel; path = pills.xcdatamodel; sourceTree = "<group>"; };
		63F7BB12210C48EA00D49CE0 /* Assets.xcassets */ = {isa = PBXFileReference; lastKnownFileType = folder.assetcatalog; path = Assets.xcassets; sourceTree = "<group>"; };
		63F7BB15210C48EA00D49CE0 /* Base */ = {isa = PBXFileReference; lastKnownFileType = file.storyboard; name = Base; path = Base.lproj/LaunchScreen.storyboard; sourceTree = "<group>"; };
		63F7BB17210C48EA00D49CE0 /* Info.plist */ = {isa = PBXFileReference; lastKnownFileType = text.plist.xml; path = Info.plist; sourceTree = "<group>"; };
		63F7BB1C210C48EA00D49CE0 /* pillsTests.xctest */ = {isa = PBXFileReference; explicitFileType = wrapper.cfbundle; includeInIndex = 0; path = pillsTests.xctest; sourceTree = BUILT_PRODUCTS_DIR; };
		63F7BB20210C48EA00D49CE0 /* pillsTests.swift */ = {isa = PBXFileReference; lastKnownFileType = sourcecode.swift; path = pillsTests.swift; sourceTree = "<group>"; };
		63F7BB22210C48EA00D49CE0 /* Info.plist */ = {isa = PBXFileReference; lastKnownFileType = text.plist.xml; path = Info.plist; sourceTree = "<group>"; };
		63F7BB27210C48EA00D49CE0 /* pillsUITests.xctest */ = {isa = PBXFileReference; explicitFileType = wrapper.cfbundle; includeInIndex = 0; path = pillsUITests.xctest; sourceTree = BUILT_PRODUCTS_DIR; };
		63F7BB2B210C48EA00D49CE0 /* pillsUITests.swift */ = {isa = PBXFileReference; lastKnownFileType = sourcecode.swift; path = pillsUITests.swift; sourceTree = "<group>"; };
		63F7BB2D210C48EA00D49CE0 /* Info.plist */ = {isa = PBXFileReference; lastKnownFileType = text.plist.xml; path = Info.plist; sourceTree = "<group>"; };
		63F7BB39210D827A00D49CE0 /* MedicationForm.swift */ = {isa = PBXFileReference; lastKnownFileType = sourcecode.swift; name = MedicationForm.swift; path = Enums/MedicationForm.swift; sourceTree = "<group>"; };
/* End PBXFileReference section */

/* Begin PBXFrameworksBuildPhase section */
		63F7BB02210C48E900D49CE0 /* Frameworks */ = {
			isa = PBXFrameworksBuildPhase;
			buildActionMask = 2147483647;
			files = (
			);
			runOnlyForDeploymentPostprocessing = 0;
		};
		63F7BB19210C48EA00D49CE0 /* Frameworks */ = {
			isa = PBXFrameworksBuildPhase;
			buildActionMask = 2147483647;
			files = (
			);
			runOnlyForDeploymentPostprocessing = 0;
		};
		63F7BB24210C48EA00D49CE0 /* Frameworks */ = {
			isa = PBXFrameworksBuildPhase;
			buildActionMask = 2147483647;
			files = (
			);
			runOnlyForDeploymentPostprocessing = 0;
		};
/* End PBXFrameworksBuildPhase section */

/* Begin PBXGroup section */
		63F7BAFC210C48E900D49CE0 = {
			isa = PBXGroup;
			children = (
				63F7BB07210C48E900D49CE0 /* pills */,
				63F7BB1F210C48EA00D49CE0 /* pillsTests */,
				63F7BB2A210C48EA00D49CE0 /* pillsUITests */,
				63F7BB06210C48E900D49CE0 /* Products */,
			);
			sourceTree = "<group>";
		};
		63F7BB06210C48E900D49CE0 /* Products */ = {
			isa = PBXGroup;
			children = (
				63F7BB05210C48E900D49CE0 /* pills.app */,
				63F7BB1C210C48EA00D49CE0 /* pillsTests.xctest */,
				63F7BB27210C48EA00D49CE0 /* pillsUITests.xctest */,
			);
			name = Products;
			sourceTree = "<group>";
		};
		63F7BB07210C48E900D49CE0 /* pills */ = {
			isa = PBXGroup;
			children = (
				63F7BB08210C48E900D49CE0 /* AppDelegate.swift */,
				63F7BB0A210C48E900D49CE0 /* ViewController.swift */,
				63F7BB0C210C48E900D49CE0 /* Main.storyboard */,
				63F7BB12210C48EA00D49CE0 /* Assets.xcassets */,
				63F7BB14210C48EA00D49CE0 /* LaunchScreen.storyboard */,
				63F7BB17210C48EA00D49CE0 /* Info.plist */,
				63F7BB0F210C48E900D49CE0 /* pills.xcdatamodeld */,
				63F7BB39210D827A00D49CE0 /* MedicationForm.swift */,
			);
			path = pills;
			sourceTree = "<group>";
		};
		63F7BB1F210C48EA00D49CE0 /* pillsTests */ = {
			isa = PBXGroup;
			children = (
				63F7BB20210C48EA00D49CE0 /* pillsTests.swift */,
				63F7BB22210C48EA00D49CE0 /* Info.plist */,
			);
			path = pillsTests;
			sourceTree = "<group>";
		};
		63F7BB2A210C48EA00D49CE0 /* pillsUITests */ = {
			isa = PBXGroup;
			children = (
				63F7BB2B210C48EA00D49CE0 /* pillsUITests.swift */,
				63F7BB2D210C48EA00D49CE0 /* Info.plist */,
			);
			path = pillsUITests;
			sourceTree = "<group>";
		};
/* End PBXGroup section */

/* Begin PBXNativeTarget section */
		63F7BB04210C48E900D49CE0 /* pills */ = {
			isa = PBXNativeTarget;
			buildConfigurationList = 63F7BB30210C48EA00D49CE0 /* Build configuration list for PBXNativeTarget "pills" */;
			buildPhases = (
				63F7BB01210C48E900D49CE0 /* Sources */,
				63F7BB02210C48E900D49CE0 /* Frameworks */,
				63F7BB03210C48E900D49CE0 /* Resources */,
			);
			buildRules = (
			);
			dependencies = (
			);
			name = pills;
			productName = pills;
			productReference = 63F7BB05210C48E900D49CE0 /* pills.app */;
			productType = "com.apple.product-type.application";
		};
		63F7BB1B210C48EA00D49CE0 /* pillsTests */ = {
			isa = PBXNativeTarget;
			buildConfigurationList = 63F7BB33210C48EA00D49CE0 /* Build configuration list for PBXNativeTarget "pillsTests" */;
			buildPhases = (
				63F7BB18210C48EA00D49CE0 /* Sources */,
				63F7BB19210C48EA00D49CE0 /* Frameworks */,
				63F7BB1A210C48EA00D49CE0 /* Resources */,
			);
			buildRules = (
			);
			dependencies = (
				63F7BB1E210C48EA00D49CE0 /* PBXTargetDependency */,
			);
			name = pillsTests;
			productName = pillsTests;
			productReference = 63F7BB1C210C48EA00D49CE0 /* pillsTests.xctest */;
			productType = "com.apple.product-type.bundle.unit-test";
		};
		63F7BB26210C48EA00D49CE0 /* pillsUITests */ = {
			isa = PBXNativeTarget;
			buildConfigurationList = 63F7BB36210C48EA00D49CE0 /* Build configuration list for PBXNativeTarget "pillsUITests" */;
			buildPhases = (
				63F7BB23210C48EA00D49CE0 /* Sources */,
				63F7BB24210C48EA00D49CE0 /* Frameworks */,
				63F7BB25210C48EA00D49CE0 /* Resources */,
			);
			buildRules = (
			);
			dependencies = (
				63F7BB29210C48EA00D49CE0 /* PBXTargetDependency */,
			);
			name = pillsUITests;
			productName = pillsUITests;
			productReference = 63F7BB27210C48EA00D49CE0 /* pillsUITests.xctest */;
			productType = "com.apple.product-type.bundle.ui-testing";
		};
/* End PBXNativeTarget section */

/* Begin PBXProject section */
		63F7BAFD210C48E900D49CE0 /* Project object */ = {
			isa = PBXProject;
			attributes = {
				LastSwiftUpdateCheck = 0940;
				LastUpgradeCheck = 0940;
				ORGANIZATIONNAME = "David Fierstein";
				TargetAttributes = {
					63F7BB04210C48E900D49CE0 = {
						CreatedOnToolsVersion = 9.4;
					};
					63F7BB1B210C48EA00D49CE0 = {
						CreatedOnToolsVersion = 9.4;
						TestTargetID = 63F7BB04210C48E900D49CE0;
					};
					63F7BB26210C48EA00D49CE0 = {
						CreatedOnToolsVersion = 9.4;
						TestTargetID = 63F7BB04210C48E900D49CE0;
					};
				};
			};
			buildConfigurationList = 63F7BB00210C48E900D49CE0 /* Build configuration list for PBXProject "pills" */;
			compatibilityVersion = "Xcode 9.3";
			developmentRegion = en;
			hasScannedForEncodings = 0;
			knownRegions = (
				en,
				Base,
			);
			mainGroup = 63F7BAFC210C48E900D49CE0;
			productRefGroup = 63F7BB06210C48E900D49CE0 /* Products */;
			projectDirPath = "";
			projectRoot = "";
			targets = (
				63F7BB04210C48E900D49CE0 /* pills */,
				63F7BB1B210C48EA00D49CE0 /* pillsTests */,
				63F7BB26210C48EA00D49CE0 /* pillsUITests */,
			);
		};
/* End PBXProject section */

/* Begin PBXResourcesBuildPhase section */
		63F7BB03210C48E900D49CE0 /* Resources */ = {
			isa = PBXResourcesBuildPhase;
			buildActionMask = 2147483647;
			files = (
				63F7BB16210C48EA00D49CE0 /* LaunchScreen.storyboard in Resources */,
				63F7BB13210C48EA00D49CE0 /* Assets.xcassets in Resources */,
				63F7BB0E210C48E900D49CE0 /* Main.storyboard in Resources */,
			);
			runOnlyForDeploymentPostprocessing = 0;
		};
		63F7BB1A210C48EA00D49CE0 /* Resources */ = {
			isa = PBXResourcesBuildPhase;
			buildActionMask = 2147483647;
			files = (
			);
			runOnlyForDeploymentPostprocessing = 0;
		};
		63F7BB25210C48EA00D49CE0 /* Resources */ = {
			isa = PBXResourcesBuildPhase;
			buildActionMask = 2147483647;
			files = (
			);
			runOnlyForDeploymentPostprocessing = 0;
		};
/* End PBXResourcesBuildPhase section */

/* Begin PBXSourcesBuildPhase section */
		63F7BB01210C48E900D49CE0 /* Sources */ = {
			isa = PBXSourcesBuildPhase;
			buildActionMask = 2147483647;
			files = (
				63F7BB3A210D827A00D49CE0 /* MedicationForm.swift in Sources */,
				63F7BB0B210C48E900D49CE0 /* ViewController.swift in Sources */,
				63F7BB11210C48E900D49CE0 /* pills.xcdatamodeld in Sources */,
				63F7BB09210C48E900D49CE0 /* AppDelegate.swift in Sources */,
			);
			runOnlyForDeploymentPostprocessing = 0;
		};
		63F7BB18210C48EA00D49CE0 /* Sources */ = {
			isa = PBXSourcesBuildPhase;
			buildActionMask = 2147483647;
			files = (
				63F7BB21210C48EA00D49CE0 /* pillsTests.swift in Sources */,
			);
			runOnlyForDeploymentPostprocessing = 0;
		};
		63F7BB23210C48EA00D49CE0 /* Sources */ = {
			isa = PBXSourcesBuildPhase;
			buildActionMask = 2147483647;
			files = (
				63F7BB2C210C48EA00D49CE0 /* pillsUITests.swift in Sources */,
			);
			runOnlyForDeploymentPostprocessing = 0;
		};
/* End PBXSourcesBuildPhase section */

/* Begin PBXTargetDependency section */
		63F7BB1E210C48EA00D49CE0 /* PBXTargetDependency */ = {
			isa = PBXTargetDependency;
			target = 63F7BB04210C48E900D49CE0 /* pills */;
			targetProxy = 63F7BB1D210C48EA00D49CE0 /* PBXContainerItemProxy */;
		};
		63F7BB29210C48EA00D49CE0 /* PBXTargetDependency */ = {
			isa = PBXTargetDependency;
			target = 63F7BB04210C48E900D49CE0 /* pills */;
			targetProxy = 63F7BB28210C48EA00D49CE0 /* PBXContainerItemProxy */;
		};
/* End PBXTargetDependency section */

/* Begin PBXVariantGroup section */
		63F7BB0C210C48E900D49CE0 /* Main.storyboard */ = {
			isa = PBXVariantGroup;
			children = (
				63F7BB0D210C48E900D49CE0 /* Base */,
			);
			name = Main.storyboard;
			sourceTree = "<group>";
		};
		63F7BB14210C48EA00D49CE0 /* LaunchScreen.storyboard */ = {
			isa = PBXVariantGroup;
			children = (
				63F7BB15210C48EA00D49CE0 /* Base */,
			);
			name = LaunchScreen.storyboard;
			sourceTree = "<group>";
		};
/* End PBXVariantGroup section */

/* Begin XCBuildConfiguration section */
		63F7BB2E210C48EA00D49CE0 /* Debug */ = {
			isa = XCBuildConfiguration;
			buildSettings = {
				ALWAYS_SEARCH_USER_PATHS = NO;
				CLANG_ANALYZER_NONNULL = YES;
				CLANG_ANALYZER_NUMBER_OBJECT_CONVERSION = YES_AGGRESSIVE;
				CLANG_CXX_LANGUAGE_STANDARD = "gnu++14";
				CLANG_CXX_LIBRARY = "libc++";
				CLANG_ENABLE_MODULES = YES;
				CLANG_ENABLE_OBJC_ARC = YES;
				CLANG_ENABLE_OBJC_WEAK = YES;
				CLANG_WARN_BLOCK_CAPTURE_AUTORELEASING = YES;
				CLANG_WARN_BOOL_CONVERSION = YES;
				CLANG_WARN_COMMA = YES;
				CLANG_WARN_CONSTANT_CONVERSION = YES;
				CLANG_WARN_DEPRECATED_OBJC_IMPLEMENTATIONS = YES;
				CLANG_WARN_DIRECT_OBJC_ISA_USAGE = YES_ERROR;
				CLANG_WARN_DOCUMENTATION_COMMENTS = YES;
				CLANG_WARN_EMPTY_BODY = YES;
				CLANG_WARN_ENUM_CONVERSION = YES;
				CLANG_WARN_INFINITE_RECURSION = YES;
				CLANG_WARN_INT_CONVERSION = YES;
				CLANG_WARN_NON_LITERAL_NULL_CONVERSION = YES;
				CLANG_WARN_OBJC_IMPLICIT_RETAIN_SELF = YES;
				CLANG_WARN_OBJC_LITERAL_CONVERSION = YES;
				CLANG_WARN_OBJC_ROOT_CLASS = YES_ERROR;
				CLANG_WARN_RANGE_LOOP_ANALYSIS = YES;
				CLANG_WARN_STRICT_PROTOTYPES = YES;
				CLANG_WARN_SUSPICIOUS_MOVE = YES;
				CLANG_WARN_UNGUARDED_AVAILABILITY = YES_AGGRESSIVE;
				CLANG_WARN_UNREACHABLE_CODE = YES;
				CLANG_WARN__DUPLICATE_METHOD_MATCH = YES;
				CODE_SIGN_IDENTITY = "iPhone Developer";
				COPY_PHASE_STRIP = NO;
				DEBUG_INFORMATION_FORMAT = dwarf;
				ENABLE_STRICT_OBJC_MSGSEND = YES;
				ENABLE_TESTABILITY = YES;
				GCC_C_LANGUAGE_STANDARD = gnu11;
				GCC_DYNAMIC_NO_PIC = NO;
				GCC_NO_COMMON_BLOCKS = YES;
				GCC_OPTIMIZATION_LEVEL = 0;
				GCC_PREPROCESSOR_DEFINITIONS = (
					"DEBUG=1",
					"$(inherited)",
				);
				GCC_WARN_64_TO_32_BIT_CONVERSION = YES;
				GCC_WARN_ABOUT_RETURN_TYPE = YES_ERROR;
				GCC_WARN_UNDECLARED_SELECTOR = YES;
				GCC_WARN_UNINITIALIZED_AUTOS = YES_AGGRESSIVE;
				GCC_WARN_UNUSED_FUNCTION = YES;
				GCC_WARN_UNUSED_VARIABLE = YES;
				IPHONEOS_DEPLOYMENT_TARGET = 11.4;
				MTL_ENABLE_DEBUG_INFO = YES;
				ONLY_ACTIVE_ARCH = YES;
				SDKROOT = iphoneos;
				SWIFT_ACTIVE_COMPILATION_CONDITIONS = DEBUG;
				SWIFT_OPTIMIZATION_LEVEL = "-Onone";
			};
			name = Debug;
		};
		63F7BB2F210C48EA00D49CE0 /* Release */ = {
			isa = XCBuildConfiguration;
			buildSettings = {
				ALWAYS_SEARCH_USER_PATHS = NO;
				CLANG_ANALYZER_NONNULL = YES;
				CLANG_ANALYZER_NUMBER_OBJECT_CONVERSION = YES_AGGRESSIVE;
				CLANG_CXX_LANGUAGE_STANDARD = "gnu++14";
				CLANG_CXX_LIBRARY = "libc++";
				CLANG_ENABLE_MODULES = YES;
				CLANG_ENABLE_OBJC_ARC = YES;
				CLANG_ENABLE_OBJC_WEAK = YES;
				CLANG_WARN_BLOCK_CAPTURE_AUTORELEASING = YES;
				CLANG_WARN_BOOL_CONVERSION = YES;
				CLANG_WARN_COMMA = YES;
				CLANG_WARN_CONSTANT_CONVERSION = YES;
				CLANG_WARN_DEPRECATED_OBJC_IMPLEMENTATIONS = YES;
				CLANG_WARN_DIRECT_OBJC_ISA_USAGE = YES_ERROR;
				CLANG_WARN_DOCUMENTATION_COMMENTS = YES;
				CLANG_WARN_EMPTY_BODY = YES;
				CLANG_WARN_ENUM_CONVERSION = YES;
				CLANG_WARN_INFINITE_RECURSION = YES;
				CLANG_WARN_INT_CONVERSION = YES;
				CLANG_WARN_NON_LITERAL_NULL_CONVERSION = YES;
				CLANG_WARN_OBJC_IMPLICIT_RETAIN_SELF = YES;
				CLANG_WARN_OBJC_LITERAL_CONVERSION = YES;
				CLANG_WARN_OBJC_ROOT_CLASS = YES_ERROR;
				CLANG_WARN_RANGE_LOOP_ANALYSIS = YES;
				CLANG_WARN_STRICT_PROTOTYPES = YES;
				CLANG_WARN_SUSPICIOUS_MOVE = YES;
				CLANG_WARN_UNGUARDED_AVAILABILITY = YES_AGGRESSIVE;
				CLANG_WARN_UNREACHABLE_CODE = YES;
				CLANG_WARN__DUPLICATE_METHOD_MATCH = YES;
				CODE_SIGN_IDENTITY = "iPhone Developer";
				COPY_PHASE_STRIP = NO;
				DEBUG_INFORMATION_FORMAT = "dwarf-with-dsym";
				ENABLE_NS_ASSERTIONS = NO;
				ENABLE_STRICT_OBJC_MSGSEND = YES;
				GCC_C_LANGUAGE_STANDARD = gnu11;
				GCC_NO_COMMON_BLOCKS = YES;
				GCC_WARN_64_TO_32_BIT_CONVERSION = YES;
				GCC_WARN_ABOUT_RETURN_TYPE = YES_ERROR;
				GCC_WARN_UNDECLARED_SELECTOR = YES;
				GCC_WARN_UNINITIALIZED_AUTOS = YES_AGGRESSIVE;
				GCC_WARN_UNUSED_FUNCTION = YES;
				GCC_WARN_UNUSED_VARIABLE = YES;
				IPHONEOS_DEPLOYMENT_TARGET = 11.4;
				MTL_ENABLE_DEBUG_INFO = NO;
				SDKROOT = iphoneos;
				SWIFT_COMPILATION_MODE = wholemodule;
				SWIFT_OPTIMIZATION_LEVEL = "-O";
				VALIDATE_PRODUCT = YES;
			};
			name = Release;
		};
		63F7BB31210C48EA00D49CE0 /* Debug */ = {
			isa = XCBuildConfiguration;
			buildSettings = {
				ASSETCATALOG_COMPILER_APPICON_NAME = AppIcon;
				CODE_SIGN_STYLE = Automatic;
				DEVELOPMENT_TEAM = ZG4367LV78;
				INFOPLIST_FILE = pills/Info.plist;
				LD_RUNPATH_SEARCH_PATHS = (
					"$(inherited)",
					"@executable_path/Frameworks",
				);
				PRODUCT_BUNDLE_IDENTIFIER = com.davidiad.pills;
				PRODUCT_NAME = "$(TARGET_NAME)";
				SWIFT_VERSION = 4.0;
				TARGETED_DEVICE_FAMILY = "1,2";
			};
			name = Debug;
		};
		63F7BB32210C48EA00D49CE0 /* Release */ = {
			isa = XCBuildConfiguration;
			buildSettings = {
				ASSETCATALOG_COMPILER_APPICON_NAME = AppIcon;
				CODE_SIGN_STYLE = Automatic;
				DEVELOPMENT_TEAM = ZG4367LV78;
				INFOPLIST_FILE = pills/Info.plist;
				LD_RUNPATH_SEARCH_PATHS = (
					"$(inherited)",
					"@executable_path/Frameworks",
				);
				PRODUCT_BUNDLE_IDENTIFIER = com.davidiad.pills;
				PRODUCT_NAME = "$(TARGET_NAME)";
				SWIFT_VERSION = 4.0;
				TARGETED_DEVICE_FAMILY = "1,2";
			};
			name = Release;
		};
		63F7BB34210C48EA00D49CE0 /* Debug */ = {
			isa = XCBuildConfiguration;
			buildSettings = {
				ALWAYS_EMBED_SWIFT_STANDARD_LIBRARIES = YES;
				BUNDLE_LOADER = "$(TEST_HOST)";
				CODE_SIGN_STYLE = Automatic;
				DEVELOPMENT_TEAM = ZG4367LV78;
				INFOPLIST_FILE = pillsTests/Info.plist;
				LD_RUNPATH_SEARCH_PATHS = (
					"$(inherited)",
					"@executable_path/Frameworks",
					"@loader_path/Frameworks",
				);
				PRODUCT_BUNDLE_IDENTIFIER = com.davidiad.pillsTests;
				PRODUCT_NAME = "$(TARGET_NAME)";
				SWIFT_VERSION = 4.0;
				TARGETED_DEVICE_FAMILY = "1,2";
				TEST_HOST = "$(BUILT_PRODUCTS_DIR)/pills.app/pills";
			};
			name = Debug;
		};
		63F7BB35210C48EA00D49CE0 /* Release */ = {
			isa = XCBuildConfiguration;
			buildSettings = {
				ALWAYS_EMBED_SWIFT_STANDARD_LIBRARIES = YES;
				BUNDLE_LOADER = "$(TEST_HOST)";
				CODE_SIGN_STYLE = Automatic;
				DEVELOPMENT_TEAM = ZG4367LV78;
				INFOPLIST_FILE = pillsTests/Info.plist;
				LD_RUNPATH_SEARCH_PATHS = (
					"$(inherited)",
					"@executable_path/Frameworks",
					"@loader_path/Frameworks",
				);
				PRODUCT_BUNDLE_IDENTIFIER = com.davidiad.pillsTests;
				PRODUCT_NAME = "$(TARGET_NAME)";
				SWIFT_VERSION = 4.0;
				TARGETED_DEVICE_FAMILY = "1,2";
				TEST_HOST = "$(BUILT_PRODUCTS_DIR)/pills.app/pills";
			};
			name = Release;
		};
		63F7BB37210C48EA00D49CE0 /* Debug */ = {
			isa = XCBuildConfiguration;
			buildSettings = {
				ALWAYS_EMBED_SWIFT_STANDARD_LIBRARIES = YES;
				CODE_SIGN_STYLE = Automatic;
				DEVELOPMENT_TEAM = ZG4367LV78;
				INFOPLIST_FILE = pillsUITests/Info.plist;
				LD_RUNPATH_SEARCH_PATHS = (
					"$(inherited)",
					"@executable_path/Frameworks",
					"@loader_path/Frameworks",
				);
				PRODUCT_BUNDLE_IDENTIFIER = com.davidiad.pillsUITests;
				PRODUCT_NAME = "$(TARGET_NAME)";
				SWIFT_VERSION = 4.0;
				TARGETED_DEVICE_FAMILY = "1,2";
				TEST_TARGET_NAME = pills;
			};
			name = Debug;
		};
		63F7BB38210C48EA00D49CE0 /* Release */ = {
			isa = XCBuildConfiguration;
			buildSettings = {
				ALWAYS_EMBED_SWIFT_STANDARD_LIBRARIES = YES;
				CODE_SIGN_STYLE = Automatic;
				DEVELOPMENT_TEAM = ZG4367LV78;
				INFOPLIST_FILE = pillsUITests/Info.plist;
				LD_RUNPATH_SEARCH_PATHS = (
					"$(inherited)",
					"@executable_path/Frameworks",
					"@loader_path/Frameworks",
				);
				PRODUCT_BUNDLE_IDENTIFIER = com.davidiad.pillsUITests;
				PRODUCT_NAME = "$(TARGET_NAME)";
				SWIFT_VERSION = 4.0;
				TARGETED_DEVICE_FAMILY = "1,2";
				TEST_TARGET_NAME = pills;
			};
			name = Release;
		};
/* End XCBuildConfiguration section */

/* Begin XCConfigurationList section */
		63F7BB00210C48E900D49CE0 /* Build configuration list for PBXProject "pills" */ = {
			isa = XCConfigurationList;
			buildConfigurations = (
				63F7BB2E210C48EA00D49CE0 /* Debug */,
				63F7BB2F210C48EA00D49CE0 /* Release */,
			);
			defaultConfigurationIsVisible = 0;
			defaultConfigurationName = Release;
		};
		63F7BB30210C48EA00D49CE0 /* Build configuration list for PBXNativeTarget "pills" */ = {
			isa = XCConfigurationList;
			buildConfigurations = (
				63F7BB31210C48EA00D49CE0 /* Debug */,
				63F7BB32210C48EA00D49CE0 /* Release */,
			);
			defaultConfigurationIsVisible = 0;
			defaultConfigurationName = Release;
		};
		63F7BB33210C48EA00D49CE0 /* Build configuration list for PBXNativeTarget "pillsTests" */ = {
			isa = XCConfigurationList;
			buildConfigurations = (
				63F7BB34210C48EA00D49CE0 /* Debug */,
				63F7BB35210C48EA00D49CE0 /* Release */,
			);
			defaultConfigurationIsVisible = 0;
			defaultConfigurationName = Release;
		};
		63F7BB36210C48EA00D49CE0 /* Build configuration list for PBXNativeTarget "pillsUITests" */ = {
			isa = XCConfigurationList;
			buildConfigurations = (
				63F7BB37210C48EA00D49CE0 /* Debug */,
				63F7BB38210C48EA00D49CE0 /* Release */,
			);
			defaultConfigurationIsVisible = 0;
			defaultConfigurationName = Release;
		};
/* End XCConfigurationList section */

/* Begin XCVersionGroup section */
		63F7BB0F210C48E900D49CE0 /* pills.xcdatamodeld */ = {
			isa = XCVersionGroup;
			children = (
				63F7BB10210C48E900D49CE0 /* pills.xcdatamodel */,
			);
			currentVersion = 63F7BB10210C48E900D49CE0 /* pills.xcdatamodel */;
			path = pills.xcdatamodeld;
			sourceTree = "<group>";
			versionGroupType = wrapper.xcdatamodel;
		};
/* End XCVersionGroup section */
	};
	rootObject = 63F7BAFD210C48E900D49CE0 /* Project object */;
}
